
Microsoft Visual Studio Solution File, Format Version 12.00
# Visual Studio 14
VisualStudioVersion = 14.0.25420.1
MinimumVisualStudioVersion = 10.0.40219.1
Project("{FAE04EC0-301F-11D3-BF4B-00C04F79EFBC}") = "Aspree", "Aspree\Aspree.csproj", "{637A72A7-8CC8-4DD0-865B-03BC2A36D3FF}"
EndProject
Project("{FAE04EC0-301F-11D3-BF4B-00C04F79EFBC}") = "Aspree.WebApi", "Aspree.WebApi\Aspree.WebApi.csproj", "{BC132DDF-27EB-4826-9BBD-F361C418F845}"
EndProject
Project("{FAE04EC0-301F-11D3-BF4B-00C04F79EFBC}") = "Aspree.Data", "Aspree.Data\Aspree.Data.csproj", "{F2177AB9-3B84-4723-A178-1331C459B1EB}"
EndProject
Project("{FAE04EC0-301F-11D3-BF4B-00C04F79EFBC}") = "Aspree.Provider", "Aspree.Provider\Aspree.Provider.csproj", "{B598933A-ACC4-4DF8-8FC8-1198D37251FA}"
EndProject
Project("{FAE04EC0-301F-11D3-BF4B-00C04F79EFBC}") = "Aspree.Core", "Aspree.Core\Aspree.Core.csproj", "{9A55ECB7-58E8-4524-BDD6-116F7549B88B}"
EndProject
Project("{FAE04EC0-301F-11D3-BF4B-00C04F79EFBC}") = "NugetServerApp", "NugetServerApp\NugetServerApp.csproj", "{5E7979F6-6063-4FA7-B167-EFC85E347184}"
EndProject
Global
	GlobalSection(SolutionConfigurationPlatforms) = preSolution
		Debug|Any CPU = Debug|Any CPU
		Release|Any CPU = Release|Any CPU
	EndGlobalSection
	GlobalSection(ProjectConfigurationPlatforms) = postSolution
		{637A72A7-8CC8-4DD0-865B-03BC2A36D3FF}.Debug|Any CPU.ActiveCfg = Debug|Any CPU
		{637A72A7-8CC8-4DD0-865B-03BC2A36D3FF}.Debug|Any CPU.Build.0 = Debug|Any CPU
		{637A72A7-8CC8-4DD0-865B-03BC2A36D3FF}.Release|Any CPU.ActiveCfg = Release|Any CPU
		{637A72A7-8CC8-4DD0-865B-03BC2A36D3FF}.Release|Any CPU.Build.0 = Release|Any CPU
		{BC132DDF-27EB-4826-9BBD-F361C418F845}.Debug|Any CPU.ActiveCfg = Debug|Any CPU
		{BC132DDF-27EB-4826-9BBD-F361C418F845}.Debug|Any CPU.Build.0 = Debug|Any CPU
		{BC132DDF-27EB-4826-9BBD-F361C418F845}.Release|Any CPU.ActiveCfg = Release|Any CPU
		{BC132DDF-27EB-4826-9BBD-F361C418F845}.Release|Any CPU.Build.0 = Release|Any CPU
		{F2177AB9-3B84-4723-A178-1331C459B1EB}.Debug|Any CPU.ActiveCfg = Debug|Any CPU
		{F2177AB9-3B84-4723-A178-1331C459B1EB}.Debug|Any CPU.Build.0 = Debug|Any CPU
		{F2177AB9-3B84-4723-A178-1331C459B1EB}.Release|Any CPU.ActiveCfg = Release|Any CPU
		{F2177AB9-3B84-4723-A178-1331C459B1EB}.Release|Any CPU.Build.0 = Release|Any CPU
		{B598933A-ACC4-4DF8-8FC8-1198D37251FA}.Debug|Any CPU.ActiveCfg = Debug|Any CPU
		{B598933A-ACC4-4DF8-8FC8-1198D37251FA}.Debug|Any CPU.Build.0 = Debug|Any CPU
		{B598933A-ACC4-4DF8-8FC8-1198D37251FA}.Release|Any CPU.ActiveCfg = Release|Any CPU
		{B598933A-ACC4-4DF8-8FC8-1198D37251FA}.Release|Any CPU.Build.0 = Release|Any CPU
		{9A55ECB7-58E8-4524-BDD6-116F7549B88B}.Debug|Any CPU.ActiveCfg = Debug|Any CPU
		{9A55ECB7-58E8-4524-BDD6-116F7549B88B}.Debug|Any CPU.Build.0 = Debug|Any CPU
		{9A55ECB7-58E8-4524-BDD6-116F7549B88B}.Release|Any CPU.ActiveCfg = Release|Any CPU
		{9A55ECB7-58E8-4524-BDD6-116F7549B88B}.Release|Any CPU.Build.0 = Release|Any CPU
		{5E7979F6-6063-4FA7-B167-EFC85E347184}.Debug|Any CPU.ActiveCfg = Debug|Any CPU
		{5E7979F6-6063-4FA7-B167-EFC85E347184}.Debug|Any CPU.Build.0 = Debug|Any CPU
		{5E7979F6-6063-4FA7-B167-EFC85E347184}.Release|Any CPU.ActiveCfg = Release|Any CPU
		{5E7979F6-6063-4FA7-B167-EFC85E347184}.Release|Any CPU.Build.0 = Release|Any CPU
	EndGlobalSection
	GlobalSection(SolutionProperties) = preSolution
		HideSolutionNode = FALSE
	EndGlobalSection
EndGlobal
